
Microsoft Visual Studio Solution File, Format Version 12.00
# Visual Studio 15
VisualStudioVersion = 15.0.27703.2000
MinimumVisualStudioVersion = 10.0.40219.1
Project("{FAE04EC0-301F-11D3-BF4B-00C04F79EFBC}") = "RestaurantReviewsREST.SL", "RestaurantReviewsREST.SL\RestaurantReviewsREST.SL.csproj", "{501C6CCD-7E9B-4038-9491-93E0638CE8B6}"
EndProject
Project("{FAE04EC0-301F-11D3-BF4B-00C04F79EFBC}") = "RestaurantReviewsREST.DAL", "RestaurantReviewsREST.DAL\RestaurantReviewsREST.DAL.csproj", "{9C719007-468B-4D53-85EE-FB8845F22929}"
EndProject
Global
	GlobalSection(SolutionConfigurationPlatforms) = preSolution
		Debug|Any CPU = Debug|Any CPU
		Release|Any CPU = Release|Any CPU
	EndGlobalSection
	GlobalSection(ProjectConfigurationPlatforms) = postSolution
		{501C6CCD-7E9B-4038-9491-93E0638CE8B6}.Debug|Any CPU.ActiveCfg = Debug|Any CPU
		{501C6CCD-7E9B-4038-9491-93E0638CE8B6}.Debug|Any CPU.Build.0 = Debug|Any CPU
		{501C6CCD-7E9B-4038-9491-93E0638CE8B6}.Release|Any CPU.ActiveCfg = Release|Any CPU
		{501C6CCD-7E9B-4038-9491-93E0638CE8B6}.Release|Any CPU.Build.0 = Release|Any CPU
		{9C719007-468B-4D53-85EE-FB8845F22929}.Debug|Any CPU.ActiveCfg = Debug|Any CPU
		{9C719007-468B-4D53-85EE-FB8845F22929}.Debug|Any CPU.Build.0 = Debug|Any CPU
		{9C719007-468B-4D53-85EE-FB8845F22929}.Release|Any CPU.ActiveCfg = Release|Any CPU
		{9C719007-468B-4D53-85EE-FB8845F22929}.Release|Any CPU.Build.0 = Release|Any CPU
	EndGlobalSection
	GlobalSection(SolutionProperties) = preSolution
		HideSolutionNode = FALSE
	EndGlobalSection
	GlobalSection(ExtensibilityGlobals) = postSolution
		SolutionGuid = {3582F966-1AA7-42C6-B662-2E0C84CAF773}
	EndGlobalSection
EndGlobal
