
Microsoft Visual Studio Solution File, Format Version 12.00
# Visual Studio 15
VisualStudioVersion = 15.0.27428.2015
MinimumVisualStudioVersion = 10.0.40219.1
Project("{FAE04EC0-301F-11D3-BF4B-00C04F79EFBC}") = "Tapas.Client", "Tapas\Tapas.Client.csproj", "{9F4C38D8-3193-4482-B30C-8116A92C102D}"
EndProject
Project("{FAE04EC0-301F-11D3-BF4B-00C04F79EFBC}") = "Tapas.Web", "Tapas.Web\Tapas.Web.csproj", "{724CEAFF-8BE5-4230-A197-E41DB9B6B29B}"
EndProject
Project("{FAE04EC0-301F-11D3-BF4B-00C04F79EFBC}") = "Tapas.Web.Tests", "Tapas.Web.Tests\Tapas.Web.Tests.csproj", "{2AB3C258-928A-421B-99E7-9D61EFC22AB7}"
EndProject
Project("{FAE04EC0-301F-11D3-BF4B-00C04F79EFBC}") = "Tapas.DataLayer", "Tapas.DataLayer\Tapas.DataLayer.csproj", "{A72E6337-6FFA-4363-A3B5-D07E792BD4B0}"
EndProject
Project("{FAE04EC0-301F-11D3-BF4B-00C04F79EFBC}") = "Tapas.DAL", "Tapas.DAL\Tapas.DAL.csproj", "{9A0733B0-8548-4E08-9934-BAC6B2EA6DCE}"
EndProject
Project("{FAE04EC0-301F-11D3-BF4B-00C04F79EFBC}") = "DemoFilters", "DemoFilters\DemoFilters.csproj", "{1F4D4D78-F249-4EF1-9EC1-21AC052C7EAF}"
EndProject
Global
	GlobalSection(SolutionConfigurationPlatforms) = preSolution
		Debug|Any CPU = Debug|Any CPU
		Release|Any CPU = Release|Any CPU
	EndGlobalSection
	GlobalSection(ProjectConfigurationPlatforms) = postSolution
		{9F4C38D8-3193-4482-B30C-8116A92C102D}.Debug|Any CPU.ActiveCfg = Debug|Any CPU
		{9F4C38D8-3193-4482-B30C-8116A92C102D}.Debug|Any CPU.Build.0 = Debug|Any CPU
		{9F4C38D8-3193-4482-B30C-8116A92C102D}.Release|Any CPU.ActiveCfg = Release|Any CPU
		{9F4C38D8-3193-4482-B30C-8116A92C102D}.Release|Any CPU.Build.0 = Release|Any CPU
		{724CEAFF-8BE5-4230-A197-E41DB9B6B29B}.Debug|Any CPU.ActiveCfg = Debug|Any CPU
		{724CEAFF-8BE5-4230-A197-E41DB9B6B29B}.Debug|Any CPU.Build.0 = Debug|Any CPU
		{724CEAFF-8BE5-4230-A197-E41DB9B6B29B}.Release|Any CPU.ActiveCfg = Release|Any CPU
		{724CEAFF-8BE5-4230-A197-E41DB9B6B29B}.Release|Any CPU.Build.0 = Release|Any CPU
		{2AB3C258-928A-421B-99E7-9D61EFC22AB7}.Debug|Any CPU.ActiveCfg = Debug|Any CPU
		{2AB3C258-928A-421B-99E7-9D61EFC22AB7}.Debug|Any CPU.Build.0 = Debug|Any CPU
		{2AB3C258-928A-421B-99E7-9D61EFC22AB7}.Release|Any CPU.ActiveCfg = Release|Any CPU
		{2AB3C258-928A-421B-99E7-9D61EFC22AB7}.Release|Any CPU.Build.0 = Release|Any CPU
		{A72E6337-6FFA-4363-A3B5-D07E792BD4B0}.Debug|Any CPU.ActiveCfg = Debug|Any CPU
		{A72E6337-6FFA-4363-A3B5-D07E792BD4B0}.Debug|Any CPU.Build.0 = Debug|Any CPU
		{A72E6337-6FFA-4363-A3B5-D07E792BD4B0}.Release|Any CPU.ActiveCfg = Release|Any CPU
		{A72E6337-6FFA-4363-A3B5-D07E792BD4B0}.Release|Any CPU.Build.0 = Release|Any CPU
		{9A0733B0-8548-4E08-9934-BAC6B2EA6DCE}.Debug|Any CPU.ActiveCfg = Debug|Any CPU
		{9A0733B0-8548-4E08-9934-BAC6B2EA6DCE}.Debug|Any CPU.Build.0 = Debug|Any CPU
		{9A0733B0-8548-4E08-9934-BAC6B2EA6DCE}.Release|Any CPU.ActiveCfg = Release|Any CPU
		{9A0733B0-8548-4E08-9934-BAC6B2EA6DCE}.Release|Any CPU.Build.0 = Release|Any CPU
		{1F4D4D78-F249-4EF1-9EC1-21AC052C7EAF}.Debug|Any CPU.ActiveCfg = Debug|Any CPU
		{1F4D4D78-F249-4EF1-9EC1-21AC052C7EAF}.Debug|Any CPU.Build.0 = Debug|Any CPU
		{1F4D4D78-F249-4EF1-9EC1-21AC052C7EAF}.Release|Any CPU.ActiveCfg = Release|Any CPU
		{1F4D4D78-F249-4EF1-9EC1-21AC052C7EAF}.Release|Any CPU.Build.0 = Release|Any CPU
	EndGlobalSection
	GlobalSection(SolutionProperties) = preSolution
		HideSolutionNode = FALSE
	EndGlobalSection
	GlobalSection(ExtensibilityGlobals) = postSolution
		SolutionGuid = {ADC24F4A-6A7B-4B88-B395-6F9441D4B5CE}
	EndGlobalSection
EndGlobal
