
Microsoft Visual Studio Solution File, Format Version 12.00
# Visual Studio 15
VisualStudioVersion = 15.0.27703.2000
MinimumVisualStudioVersion = 10.0.40219.1
Project("{FAE04EC0-301F-11D3-BF4B-00C04F79EFBC}") = "AuthTest2Consumer", "AuthTest2Consumer\AuthTest2Consumer.csproj", "{47667DA8-26E0-4F65-8723-FE11BDE976D3}"
EndProject
Global
	GlobalSection(SolutionConfigurationPlatforms) = preSolution
		Debug|Any CPU = Debug|Any CPU
		Release|Any CPU = Release|Any CPU
	EndGlobalSection
	GlobalSection(ProjectConfigurationPlatforms) = postSolution
		{47667DA8-26E0-4F65-8723-FE11BDE976D3}.Debug|Any CPU.ActiveCfg = Debug|Any CPU
		{47667DA8-26E0-4F65-8723-FE11BDE976D3}.Debug|Any CPU.Build.0 = Debug|Any CPU
		{47667DA8-26E0-4F65-8723-FE11BDE976D3}.Release|Any CPU.ActiveCfg = Release|Any CPU
		{47667DA8-26E0-4F65-8723-FE11BDE976D3}.Release|Any CPU.Build.0 = Release|Any CPU
	EndGlobalSection
	GlobalSection(SolutionProperties) = preSolution
		HideSolutionNode = FALSE
	EndGlobalSection
	GlobalSection(ExtensibilityGlobals) = postSolution
		SolutionGuid = {759AD5C9-4CD0-4C37-9643-28BC0891DBA2}
	EndGlobalSection
EndGlobal
